{
  "version": 4,
  "terraform_version": "1.5.4",
  "serial": 8,
  "lineage": "258e1786-91d4-503f-d86c-40a1e9dec35f",
  "outputs": {},
  "resources": [
    {
      "mode": "data",
      "type": "digitalocean_ssh_key",
      "name": "terraform",
      "provider": "provider[\"registry.terraform.io/digitalocean/digitalocean\"]",
      "instances": [
        {
          "schema_version": 0,
          "attributes": {
            "fingerprint": "69:8a:26:a9:0c:70:4a:66:70:9d:39:d5:f0:24:d7:09",
            "id": 36638708,
            "name": "sam",
            "public_key": "ssh-rsa AAAAB3NzaC1yc2EAAAADAQABAAABgQC5+cvi/xxZzCkG1XuaX0TdGGE9AqMnwL/aLTGkUqkJxwnkzAU6EAQFFj/AMDd4AYIkb/0ErAKaS37dT3o5yNHZmpOPENsR5fS5VKYZnJRSJ24cxNWshNBx4p33KrYObHgVXfxTOHCFSaCJXFoGwkcYTAo98a36L47I9dHUVLRBvuEttaYlmnKzR7K62Kl4joT7bS6bVIB0u+PYq2TwMtmANu/WnOn7CwUjk5FkVpRZJPtQKcxBPK19qj9IKEdwdVne7Luh9ztA0ntv03exbSAyCAXef9LId5YpyW9u2f+h4mE2xUED7TB82cmupGgikjbuHzg3apvywZ3ifan7JfKc34Fuomef4U5HNPamIHTDc1fgu67GO3zGuDgvlk6CQK8zjoHH094Dk1UJ6rf9ok6LWlWlDV1Z3n3zS0tbQTdO1OvWUWpJpZ2ajFFHGKu9peV9khMZxu/DZEVgdUNINNmVwEQQiRamBoQpqg5xmw65YZSuMrbTtRvjGK0PiPLTIcU= vagrant@hero\n"
          },
          "sensitive_attributes": []
        }
      ]
    },
    {
      "mode": "managed",
      "type": "digitalocean_domain",
      "name": "default",
      "provider": "provider[\"registry.terraform.io/digitalocean/digitalocean\"]",
      "instances": [
        {
          "schema_version": 0,
          "attributes": {
            "id": "samanthagloria.me",
            "ip_address": "45.55.131.233",
            "name": "samanthagloria.me",
            "ttl": 1800,
            "urn": "do:domain:samanthagloria.me"
          },
          "sensitive_attributes": [],
          "private": "bnVsbA==",
          "dependencies": [
            "data.digitalocean_ssh_key.terraform",
            "digitalocean_droplet.www-1"
          ]
        }
      ]
    },
    {
      "mode": "managed",
      "type": "digitalocean_droplet",
      "name": "www-1",
      "provider": "provider[\"registry.terraform.io/digitalocean/digitalocean\"]",
      "instances": [
        {
          "schema_version": 1,
          "attributes": {
            "backups": false,
            "created_at": "2023-09-20T13:05:19Z",
            "disk": 25,
            "droplet_agent": null,
            "graceful_shutdown": false,
            "id": "375636358",
            "image": "ubuntu-20-04-x64",
            "ipv4_address": "45.55.131.233",
            "ipv4_address_private": "10.108.0.2",
            "ipv6": false,
            "ipv6_address": "",
            "locked": false,
            "memory": 1024,
            "monitoring": false,
            "name": "AmonyCoffeeMIS",
            "price_hourly": 0.00893,
            "price_monthly": 6,
            "private_networking": true,
            "region": "nyc3",
            "resize_disk": true,
            "size": "s-1vcpu-1gb",
            "ssh_keys": [
              "36638708"
            ],
            "status": "active",
            "tags": [],
            "timeouts": null,
            "urn": "do:droplet:375636358",
            "user_data": null,
            "vcpus": 1,
            "volume_ids": [],
            "vpc_uuid": "26d2e51e-6203-4635-999e-15138522122e"
          },
          "sensitive_attributes": [],
          "private": "eyJlMmJmYjczMC1lY2FhLTExZTYtOGY4OC0zNDM2M2JjN2M0YzAiOnsiY3JlYXRlIjozNjAwMDAwMDAwMDAwLCJkZWxldGUiOjYwMDAwMDAwMDAwLCJ1cGRhdGUiOjM2MDAwMDAwMDAwMDB9LCJzY2hlbWFfdmVyc2lvbiI6IjEifQ==",
          "dependencies": [
            "data.digitalocean_ssh_key.terraform"
          ]
        }
      ]
    },
    {
      "mode": "managed",
      "type": "digitalocean_project",
      "name": "AmonyCoffeeMIS",
      "provider": "provider[\"registry.terraform.io/digitalocean/digitalocean\"]",
      "instances": [
        {
          "schema_version": 0,
          "attributes": {
            "created_at": "2023-09-20T13:05:53Z",
            "description": "A project for AmonyCoffeEMIS resources.",
            "environment": "Production",
            "id": "b4dd446e-cd75-4dc2-a54f-ce70f4eaf837",
            "is_default": false,
            "name": "AmonyCoffeEMIS",
            "owner_id": 12749715,
            "owner_uuid": "d43d25f0-ea11-4ce8-95e7-eb2fc44129d9",
            "purpose": "Web Application",
            "resources": [
              "do:droplet:375636358"
            ],
            "timeouts": null,
            "updated_at": "2023-09-20T13:05:53Z"
          },
          "sensitive_attributes": [],
          "private": "eyJlMmJmYjczMC1lY2FhLTExZTYtOGY4OC0zNDM2M2JjN2M0YzAiOnsiZGVsZXRlIjoxODAwMDAwMDAwMDB9fQ==",
          "dependencies": [
            "data.digitalocean_ssh_key.terraform",
            "digitalocean_droplet.www-1"
          ]
        }
      ]
    }
  ],
  "check_results": null
}
